{
  "name": "axe-core-maven-html-selenium",
  "version": "4.5.1",
  "lockfileVersion": 2,
  "requires": true,
  "packages": {
    "": {
      "name": "axe-core-maven-html-selenium",
      "version": "4.5.1",
      "license": "UNLICENSED",
      "dependencies": {
        "axe-core": "^4.6.2"
      },
      "devDependencies": {
        "axe-test-fixtures": "github:dequelabs/axe-test-fixtures#v1"
      }
    },
    "node_modules/axe-core": {
      "version": "4.6.3",
      "resolved": "https://agora.dequecloud.com:443/artifactory/api/npm/dequelabs/axe-core/-/axe-core-4.6.3.tgz",
      "integrity": "sha512-/BQzOX780JhsxDnPpH4ZiyrJAzcd8AfzFPkv+89veFSr1rcMjuq2JDCwypKaPeB6ljHp9KjXhPpjgCvQlWYuqg==",
      "license": "MPL-2.0",
      "engines": {
        "node": ">=4"
      }
    },
    "node_modules/axe-test-fixtures": {
      "version": "1.0.0",
      "resolved": "git+ssh://git@github.com/dequelabs/axe-test-fixtures.git#09469d613991c108cd76f070839cc46f59668ebb",
      "dev": true,
      "license": "MPL-2.0"
    }
  },
  "dependencies": {
    "axe-core": {
      "version": "4.6.3",
      "resolved": "https://agora.dequecloud.com:443/artifactory/api/npm/dequelabs/axe-core/-/axe-core-4.6.3.tgz",
      "integrity": "sha512-/BQzOX780JhsxDnPpH4ZiyrJAzcd8AfzFPkv+89veFSr1rcMjuq2JDCwypKaPeB6ljHp9KjXhPpjgCvQlWYuqg=="
    },
    "axe-test-fixtures": {
      "version": "git+ssh://git@github.com/dequelabs/axe-test-fixtures.git#09469d613991c108cd76f070839cc46f59668ebb",
      "dev": true,
      "from": "axe-test-fixtures@github:dequelabs/axe-test-fixtures#v1"
    }
  }
}
