{
  "name": "axe-core-maven-html-selenium",
  "version": "4.5.1",
  "lockfileVersion": 2,
  "requires": true,
  "packages": {
    "": {
      "name": "axe-core-maven-html-selenium",
      "version": "4.5.1",
      "license": "UNLICENSED",
      "dependencies": {
        "axe-core": "^4.5.2-canary.123b83c"
      },
      "devDependencies": {
        "axe-test-fixtures": "github:dequelabs/axe-test-fixtures#v1"
      }
    },
    "node_modules/axe-core": {
      "version": "4.5.2-canary.123b83c",
      "resolved": "https://registry.npmjs.org/axe-core/-/axe-core-4.5.2-canary.123b83c.tgz",
      "integrity": "sha512-Hnebf7Nrx0+ehi8wSi9aTNkppGAkn8wDmlrwjOVmqDMc0ZIYvOs0kZ9/H5eeJxvxcQgVpqzZxmzUgcpOZY02Qw==",
      "engines": {
        "node": ">=4"
      }
    },
    "node_modules/axe-test-fixtures": {
      "version": "1.0.0",
      "resolved": "git+ssh://git@github.com/dequelabs/axe-test-fixtures.git#464337d0fb0f3f051dbb8483ca30c559d91b1746",
      "dev": true,
      "license": "MPL-2.0"
    }
  },
  "dependencies": {
    "axe-core": {
      "version": "4.5.2-canary.123b83c",
      "resolved": "https://registry.npmjs.org/axe-core/-/axe-core-4.5.2-canary.123b83c.tgz",
      "integrity": "sha512-Hnebf7Nrx0+ehi8wSi9aTNkppGAkn8wDmlrwjOVmqDMc0ZIYvOs0kZ9/H5eeJxvxcQgVpqzZxmzUgcpOZY02Qw=="
    },
    "axe-test-fixtures": {
      "version": "git+ssh://git@github.com/dequelabs/axe-test-fixtures.git#464337d0fb0f3f051dbb8483ca30c559d91b1746",
      "dev": true,
      "from": "axe-test-fixtures@github:dequelabs/axe-test-fixtures#v1"
    }
  }
}
