{
  "name": "axe-core-maven-html-selenium",
  "version": "4.6.0",
  "lockfileVersion": 2,
  "requires": true,
  "packages": {
    "": {
      "name": "axe-core-maven-html-selenium",
      "version": "4.6.0",
      "license": "UNLICENSED",
      "dependencies": {
        "axe-core": "^4.7.0"
      },
      "devDependencies": {
        "axe-test-fixtures": "github:dequelabs/axe-test-fixtures#v1"
      }
    },
    "node_modules/axe-core": {
      "version": "4.7.0",
      "resolved": "https://registry.npmjs.org/axe-core/-/axe-core-4.7.0.tgz",
      "integrity": "sha512-M0JtH+hlOL5pLQwHOLNYZaXuhqmvS8oExsqB1SBYgA4Dk7u/xx+YdGHXaK5pyUfed5mYXdlYiphWq3G8cRi5JQ==",
      "engines": {
        "node": ">=4"
      }
    },
    "node_modules/axe-test-fixtures": {
      "version": "1.0.0",
      "resolved": "git+ssh://git@github.com/dequelabs/axe-test-fixtures.git#09469d613991c108cd76f070839cc46f59668ebb",
      "dev": true,
      "license": "MPL-2.0"
    }
  },
  "dependencies": {
    "axe-core": {
      "version": "4.7.0",
      "resolved": "https://registry.npmjs.org/axe-core/-/axe-core-4.7.0.tgz",
      "integrity": "sha512-M0JtH+hlOL5pLQwHOLNYZaXuhqmvS8oExsqB1SBYgA4Dk7u/xx+YdGHXaK5pyUfed5mYXdlYiphWq3G8cRi5JQ=="
    },
    "axe-test-fixtures": {
      "version": "git+ssh://git@github.com/dequelabs/axe-test-fixtures.git#09469d613991c108cd76f070839cc46f59668ebb",
      "dev": true,
      "from": "axe-test-fixtures@github:dequelabs/axe-test-fixtures#v1"
    }
  }
}
